<Solution>
  <Project Path="AsyncAwait/AsyncAwait.csproj" />
  <Project Path="ConsoleApp/ConsoleApp.csproj" />
  <Project Path="Delegates/Delegates.csproj" />
  <Project Path="Inheritance/Inheritance.csproj" />
  <Project Path="ItemsManager/ItemsManager.csproj" />
  <Project Path="Models/Models.csproj" />
  <Project Path="PlayerApp/PlayerApp.csproj" />
  <Project Path="Services.InMemory/Services.InMemory.csproj" />
  <Project Path="Services.Interfaces/Services.Interfaces.csproj" />
  <Project Path="UserProfileApp/UserProfileApp.csproj" />
  <Project Path="Vectors/Vectors.csproj" />
</Solution>
